
Microsoft Visual Studio Solution File, Format Version 12.00
# Visual Studio Version 16
VisualStudioVersion = 16.0.29201.188
MinimumVisualStudioVersion = 10.0.40219.1
Project("{9A19103F-16F7-4668-BE54-9A1E7A4F7556}") = "[Core]", "[Core]\[Core].csproj", "{B24C8C8D-7425-47BA-A789-F6EC78BBD217}"
EndProject
Project("{9A19103F-16F7-4668-BE54-9A1E7A4F7556}") = "Runtime", "Runtime\Runtime.csproj", "{86AEF6A3-A654-428C-AEE3-A276AB30DD08}"
EndProject
Project("{9A19103F-16F7-4668-BE54-9A1E7A4F7556}") = "Tests", "Tests\Tests.csproj", "{6C95AA54-5B00-458A-B0A1-8F2392E7161E}"
EndProject
Project("{9A19103F-16F7-4668-BE54-9A1E7A4F7556}") = "Demo", "Demo\Demo.csproj", "{D53C8EBB-A65C-49CC-83B8-F548996A778A}"
EndProject
Project("{9A19103F-16F7-4668-BE54-9A1E7A4F7556}") = "Policy", "Policy\Policy.csproj", "{6E83EB75-9E18-4DD1-8910-8CB13E702B8F}"
	ProjectSection(ProjectDependencies) = postProject
		{1DBEE938-38BE-419A-B2F9-79B78CE4E4FD} = {1DBEE938-38BE-419A-B2F9-79B78CE4E4FD}
	EndProjectSection
EndProject
Project("{9A19103F-16F7-4668-BE54-9A1E7A4F7556}") = "[Package]", "[Package]\[Package].csproj", "{F88575F6-D203-4249-B9DE-204BC7272E02}"
EndProject
Project("{2150E333-8FDC-42A3-9474-1A3956D46DE8}") = "Solution Items", "Solution Items", "{0278D857-030F-4C39-9185-1512B828871E}"
	ProjectSection(SolutionItems) = preProject
		Directory.Build.props = Directory.Build.props
	EndProjectSection
EndProject
Project("{9A19103F-16F7-4668-BE54-9A1E7A4F7556}") = "Tests.NetCore", "Tests.NetCore\Tests.NetCore.csproj", "{DD3016EF-4CC0-41C0-83EE-BA516013E941}"
EndProject
Project("{9A19103F-16F7-4668-BE54-9A1E7A4F7556}") = "Tools.PolicyReport", "Tools.PolicyReport\Tools.PolicyReport.csproj", "{1DBEE938-38BE-419A-B2F9-79B78CE4E4FD}"
EndProject
Global
	GlobalSection(SolutionConfigurationPlatforms) = preSolution
		Debug|Any CPU = Debug|Any CPU
		Release|Any CPU = Release|Any CPU
	EndGlobalSection
	GlobalSection(ProjectConfigurationPlatforms) = postSolution
		{B24C8C8D-7425-47BA-A789-F6EC78BBD217}.Debug|Any CPU.ActiveCfg = Debug|Any CPU
		{B24C8C8D-7425-47BA-A789-F6EC78BBD217}.Debug|Any CPU.Build.0 = Debug|Any CPU
		{B24C8C8D-7425-47BA-A789-F6EC78BBD217}.Release|Any CPU.ActiveCfg = Release|Any CPU
		{B24C8C8D-7425-47BA-A789-F6EC78BBD217}.Release|Any CPU.Build.0 = Release|Any CPU
		{86AEF6A3-A654-428C-AEE3-A276AB30DD08}.Debug|Any CPU.ActiveCfg = Debug|Any CPU
		{86AEF6A3-A654-428C-AEE3-A276AB30DD08}.Debug|Any CPU.Build.0 = Debug|Any CPU
		{86AEF6A3-A654-428C-AEE3-A276AB30DD08}.Release|Any CPU.ActiveCfg = Release|Any CPU
		{86AEF6A3-A654-428C-AEE3-A276AB30DD08}.Release|Any CPU.Build.0 = Release|Any CPU
		{6C95AA54-5B00-458A-B0A1-8F2392E7161E}.Debug|Any CPU.ActiveCfg = Debug|Any CPU
		{6C95AA54-5B00-458A-B0A1-8F2392E7161E}.Debug|Any CPU.Build.0 = Debug|Any CPU
		{6C95AA54-5B00-458A-B0A1-8F2392E7161E}.Release|Any CPU.ActiveCfg = Release|Any CPU
		{6C95AA54-5B00-458A-B0A1-8F2392E7161E}.Release|Any CPU.Build.0 = Release|Any CPU
		{D53C8EBB-A65C-49CC-83B8-F548996A778A}.Debug|Any CPU.ActiveCfg = Debug|Any CPU
		{D53C8EBB-A65C-49CC-83B8-F548996A778A}.Debug|Any CPU.Build.0 = Debug|Any CPU
		{D53C8EBB-A65C-49CC-83B8-F548996A778A}.Release|Any CPU.ActiveCfg = Release|Any CPU
		{D53C8EBB-A65C-49CC-83B8-F548996A778A}.Release|Any CPU.Build.0 = Release|Any CPU
		{6E83EB75-9E18-4DD1-8910-8CB13E702B8F}.Debug|Any CPU.ActiveCfg = Debug|Any CPU
		{6E83EB75-9E18-4DD1-8910-8CB13E702B8F}.Debug|Any CPU.Build.0 = Debug|Any CPU
		{6E83EB75-9E18-4DD1-8910-8CB13E702B8F}.Release|Any CPU.ActiveCfg = Release|Any CPU
		{6E83EB75-9E18-4DD1-8910-8CB13E702B8F}.Release|Any CPU.Build.0 = Release|Any CPU
		{F88575F6-D203-4249-B9DE-204BC7272E02}.Debug|Any CPU.ActiveCfg = Debug|Any CPU
		{F88575F6-D203-4249-B9DE-204BC7272E02}.Debug|Any CPU.Build.0 = Debug|Any CPU
		{F88575F6-D203-4249-B9DE-204BC7272E02}.Release|Any CPU.ActiveCfg = Release|Any CPU
		{F88575F6-D203-4249-B9DE-204BC7272E02}.Release|Any CPU.Build.0 = Release|Any CPU
		{DD3016EF-4CC0-41C0-83EE-BA516013E941}.Debug|Any CPU.ActiveCfg = Debug|Any CPU
		{DD3016EF-4CC0-41C0-83EE-BA516013E941}.Debug|Any CPU.Build.0 = Debug|Any CPU
		{DD3016EF-4CC0-41C0-83EE-BA516013E941}.Release|Any CPU.ActiveCfg = Release|Any CPU
		{DD3016EF-4CC0-41C0-83EE-BA516013E941}.Release|Any CPU.Build.0 = Release|Any CPU
		{1DBEE938-38BE-419A-B2F9-79B78CE4E4FD}.Debug|Any CPU.ActiveCfg = Debug|Any CPU
		{1DBEE938-38BE-419A-B2F9-79B78CE4E4FD}.Debug|Any CPU.Build.0 = Debug|Any CPU
		{1DBEE938-38BE-419A-B2F9-79B78CE4E4FD}.Release|Any CPU.ActiveCfg = Release|Any CPU
		{1DBEE938-38BE-419A-B2F9-79B78CE4E4FD}.Release|Any CPU.Build.0 = Release|Any CPU
	EndGlobalSection
	GlobalSection(SolutionProperties) = preSolution
		HideSolutionNode = FALSE
	EndGlobalSection
	GlobalSection(ExtensibilityGlobals) = postSolution
		SolutionGuid = {24448A95-328C-4CE2-8BFE-AEDEFF964D96}
	EndGlobalSection
EndGlobal
